
Microsoft Visual Studio Solution File, Format Version 12.00
# Visual Studio 15
VisualStudioVersion = 15.0.26228.13
MinimumVisualStudioVersion = 10.0.40219.1
Project("{9A19103F-16F7-4668-BE54-9A1E7A4F7556}") = "Parkix.Process", "ParkixProcess\Parkix.Process.csproj", "{A342A8F9-0D7C-4A38-ABFE-357E27559CBA}"
EndProject
Project("{9A19103F-16F7-4668-BE54-9A1E7A4F7556}") = "Parkix.Tests", "ParkixTests\Parkix.Tests.csproj", "{E2FB46CE-E479-4DBD-BC94-6403C9B0BEE6}"
EndProject
Project("{9A19103F-16F7-4668-BE54-9A1E7A4F7556}") = "Parkix.CurrentSensor", "ParkixCurrentSensor\Parkix.CurrentSensor.csproj", "{DCEBB4B2-88A5-41F6-836C-B66D8005F5B6}"
EndProject
Project("{9A19103F-16F7-4668-BE54-9A1E7A4F7556}") = "Parkix.Shared", "ParkixShared\Parkix.Shared.csproj", "{5E4C765F-1E43-4B2F-95AA-8C46ACDE0F17}"
EndProject
Project("{9A19103F-16F7-4668-BE54-9A1E7A4F7556}") = "Parkix.Report", "ParkixReport\Parkix.Report.csproj", "{737790B6-917C-4DC1-BEE1-636FDD97BBAF}"
EndProject
Project("{9A19103F-16F7-4668-BE54-9A1E7A4F7556}") = "Parkix.Configure", "ParkixConfigure\Parkix.Configure.csproj", "{39819404-2D61-4715-953B-8CF13ECC551A}"
EndProject
Project("{FAE04EC0-301F-11D3-BF4B-00C04F79EFBC}") = "Parkix.UI", "ParkixUI\Parkix.UI.csproj", "{E24B0A32-8C94-4580-ACB7-635A852EB603}"
EndProject
Global
	GlobalSection(SolutionConfigurationPlatforms) = preSolution
		Debug|Any CPU = Debug|Any CPU
		Local Debug|Any CPU = Local Debug|Any CPU
		Release|Any CPU = Release|Any CPU
	EndGlobalSection
	GlobalSection(ProjectConfigurationPlatforms) = postSolution
		{A342A8F9-0D7C-4A38-ABFE-357E27559CBA}.Debug|Any CPU.ActiveCfg = Debug|Any CPU
		{A342A8F9-0D7C-4A38-ABFE-357E27559CBA}.Debug|Any CPU.Build.0 = Debug|Any CPU
		{A342A8F9-0D7C-4A38-ABFE-357E27559CBA}.Local Debug|Any CPU.ActiveCfg = Local Debug|Any CPU
		{A342A8F9-0D7C-4A38-ABFE-357E27559CBA}.Local Debug|Any CPU.Build.0 = Local Debug|Any CPU
		{A342A8F9-0D7C-4A38-ABFE-357E27559CBA}.Local Debug|Any CPU.Deploy.0 = Local Debug|Any CPU
		{A342A8F9-0D7C-4A38-ABFE-357E27559CBA}.Release|Any CPU.ActiveCfg = Release|Any CPU
		{A342A8F9-0D7C-4A38-ABFE-357E27559CBA}.Release|Any CPU.Build.0 = Release|Any CPU
		{E2FB46CE-E479-4DBD-BC94-6403C9B0BEE6}.Debug|Any CPU.ActiveCfg = Debug|Any CPU
		{E2FB46CE-E479-4DBD-BC94-6403C9B0BEE6}.Debug|Any CPU.Build.0 = Debug|Any CPU
		{E2FB46CE-E479-4DBD-BC94-6403C9B0BEE6}.Local Debug|Any CPU.ActiveCfg = Debug|Any CPU
		{E2FB46CE-E479-4DBD-BC94-6403C9B0BEE6}.Local Debug|Any CPU.Build.0 = Debug|Any CPU
		{E2FB46CE-E479-4DBD-BC94-6403C9B0BEE6}.Release|Any CPU.ActiveCfg = Release|Any CPU
		{E2FB46CE-E479-4DBD-BC94-6403C9B0BEE6}.Release|Any CPU.Build.0 = Release|Any CPU
		{DCEBB4B2-88A5-41F6-836C-B66D8005F5B6}.Debug|Any CPU.ActiveCfg = Debug|Any CPU
		{DCEBB4B2-88A5-41F6-836C-B66D8005F5B6}.Debug|Any CPU.Build.0 = Debug|Any CPU
		{DCEBB4B2-88A5-41F6-836C-B66D8005F5B6}.Local Debug|Any CPU.ActiveCfg = Debug|Any CPU
		{DCEBB4B2-88A5-41F6-836C-B66D8005F5B6}.Local Debug|Any CPU.Build.0 = Debug|Any CPU
		{DCEBB4B2-88A5-41F6-836C-B66D8005F5B6}.Release|Any CPU.ActiveCfg = Release|Any CPU
		{DCEBB4B2-88A5-41F6-836C-B66D8005F5B6}.Release|Any CPU.Build.0 = Release|Any CPU
		{5E4C765F-1E43-4B2F-95AA-8C46ACDE0F17}.Debug|Any CPU.ActiveCfg = Debug|Any CPU
		{5E4C765F-1E43-4B2F-95AA-8C46ACDE0F17}.Debug|Any CPU.Build.0 = Debug|Any CPU
		{5E4C765F-1E43-4B2F-95AA-8C46ACDE0F17}.Local Debug|Any CPU.ActiveCfg = Debug|Any CPU
		{5E4C765F-1E43-4B2F-95AA-8C46ACDE0F17}.Local Debug|Any CPU.Build.0 = Debug|Any CPU
		{5E4C765F-1E43-4B2F-95AA-8C46ACDE0F17}.Release|Any CPU.ActiveCfg = Release|Any CPU
		{5E4C765F-1E43-4B2F-95AA-8C46ACDE0F17}.Release|Any CPU.Build.0 = Release|Any CPU
		{737790B6-917C-4DC1-BEE1-636FDD97BBAF}.Debug|Any CPU.ActiveCfg = Debug|Any CPU
		{737790B6-917C-4DC1-BEE1-636FDD97BBAF}.Debug|Any CPU.Build.0 = Debug|Any CPU
		{737790B6-917C-4DC1-BEE1-636FDD97BBAF}.Local Debug|Any CPU.ActiveCfg = Local Debug|Any CPU
		{737790B6-917C-4DC1-BEE1-636FDD97BBAF}.Local Debug|Any CPU.Build.0 = Local Debug|Any CPU
		{737790B6-917C-4DC1-BEE1-636FDD97BBAF}.Release|Any CPU.ActiveCfg = Release|Any CPU
		{737790B6-917C-4DC1-BEE1-636FDD97BBAF}.Release|Any CPU.Build.0 = Release|Any CPU
		{39819404-2D61-4715-953B-8CF13ECC551A}.Debug|Any CPU.ActiveCfg = Debug|Any CPU
		{39819404-2D61-4715-953B-8CF13ECC551A}.Debug|Any CPU.Build.0 = Debug|Any CPU
		{39819404-2D61-4715-953B-8CF13ECC551A}.Local Debug|Any CPU.ActiveCfg = Local Debug|Any CPU
		{39819404-2D61-4715-953B-8CF13ECC551A}.Local Debug|Any CPU.Build.0 = Local Debug|Any CPU
		{39819404-2D61-4715-953B-8CF13ECC551A}.Release|Any CPU.ActiveCfg = Release|Any CPU
		{39819404-2D61-4715-953B-8CF13ECC551A}.Release|Any CPU.Build.0 = Release|Any CPU
		{E24B0A32-8C94-4580-ACB7-635A852EB603}.Debug|Any CPU.ActiveCfg = Debug|Any CPU
		{E24B0A32-8C94-4580-ACB7-635A852EB603}.Debug|Any CPU.Build.0 = Debug|Any CPU
		{E24B0A32-8C94-4580-ACB7-635A852EB603}.Local Debug|Any CPU.ActiveCfg = Debug|Any CPU
		{E24B0A32-8C94-4580-ACB7-635A852EB603}.Local Debug|Any CPU.Build.0 = Debug|Any CPU
		{E24B0A32-8C94-4580-ACB7-635A852EB603}.Release|Any CPU.ActiveCfg = Release|Any CPU
		{E24B0A32-8C94-4580-ACB7-635A852EB603}.Release|Any CPU.Build.0 = Release|Any CPU
	EndGlobalSection
	GlobalSection(SolutionProperties) = preSolution
		HideSolutionNode = FALSE
	EndGlobalSection
EndGlobal
